
Microsoft Visual Studio Solution File, Format Version 12.00
# Visual Studio 15
VisualStudioVersion = 15.0.28307.136
MinimumVisualStudioVersion = 10.0.40219.1
Project("{FAE04EC0-301F-11D3-BF4B-00C04F79EFBC}") = "ConsoleApp4", "ConsoleApp4\ConsoleApp4.csproj", "{DA73DC99-1441-45C9-ACE0-2107871A175F}"
EndProject
Global
	GlobalSection(SolutionConfigurationPlatforms) = preSolution
		Debug|Any CPU = Debug|Any CPU
		Release|Any CPU = Release|Any CPU
	EndGlobalSection
	GlobalSection(ProjectConfigurationPlatforms) = postSolution
		{DA73DC99-1441-45C9-ACE0-2107871A175F}.Debug|Any CPU.ActiveCfg = Debug|Any CPU
		{DA73DC99-1441-45C9-ACE0-2107871A175F}.Debug|Any CPU.Build.0 = Debug|Any CPU
		{DA73DC99-1441-45C9-ACE0-2107871A175F}.Release|Any CPU.ActiveCfg = Release|Any CPU
		{DA73DC99-1441-45C9-ACE0-2107871A175F}.Release|Any CPU.Build.0 = Release|Any CPU
	EndGlobalSection
	GlobalSection(SolutionProperties) = preSolution
		HideSolutionNode = FALSE
	EndGlobalSection
	GlobalSection(ExtensibilityGlobals) = postSolution
		SolutionGuid = {CAE06BB7-4D3A-47BC-B0A3-43057E1DA140}
	EndGlobalSection
EndGlobal
